// !$*UTF8*$!
{
	archiveVersion = 1;
	classes = {
	};
	objectVersion = 56;
	objects = {

/* Begin PBXBuildFile section */
		AB2580B52901490C00C2B80B /* TwitterSwiftUIApp.swift in Sources */ = {isa = PBXBuildFile; fileRef = AB2580B42901490C00C2B80B /* TwitterSwiftUIApp.swift */; };
		AB2580B72901490C00C2B80B /* ContentView.swift in Sources */ = {isa = PBXBuildFile; fileRef = AB2580B62901490C00C2B80B /* ContentView.swift */; };
		AB2580B92901490E00C2B80B /* Assets.xcassets in Resources */ = {isa = PBXBuildFile; fileRef = AB2580B82901490E00C2B80B /* Assets.xcassets */; };
		AB2580BC2901490E00C2B80B /* Preview Assets.xcassets in Resources */ = {isa = PBXBuildFile; fileRef = AB2580BB2901490E00C2B80B /* Preview Assets.xcassets */; };
		AB5B262E29083B8200CACA10 /* ConversationView.swift in Sources */ = {isa = PBXBuildFile; fileRef = AB5B262D29083B8200CACA10 /* ConversationView.swift */; };
		AB5B263029083B8F00CACA10 /* ConversationCell.swift in Sources */ = {isa = PBXBuildFile; fileRef = AB5B262F29083B8F00CACA10 /* ConversationCell.swift */; };
		AB7F986A29156A4200CEF734 /* LoginView.swift in Sources */ = {isa = PBXBuildFile; fileRef = AB7F986929156A4200CEF734 /* LoginView.swift */; };
		AB7F986C29156A4F00CEF734 /* CustomTextField.swift in Sources */ = {isa = PBXBuildFile; fileRef = AB7F986B29156A4F00CEF734 /* CustomTextField.swift */; };
		AB7F986E29157C0C00CEF734 /* CustomSecureTextField.swift in Sources */ = {isa = PBXBuildFile; fileRef = AB7F986D29157C0B00CEF734 /* CustomSecureTextField.swift */; };
		AB804777291AC59C0052E02F /* User.swift in Sources */ = {isa = PBXBuildFile; fileRef = AB804776291AC59C0052E02F /* User.swift */; };
		AB80477A291BF9D20052E02F /* Kingfisher in Frameworks */ = {isa = PBXBuildFile; productRef = AB804779291BF9D20052E02F /* Kingfisher */; };
		AB80477C291BFED90052E02F /* Constants.swift in Sources */ = {isa = PBXBuildFile; fileRef = AB80477B291BFED90052E02F /* Constants.swift */; };
		AB80477E291BFF350052E02F /* SearchViewModel.swift in Sources */ = {isa = PBXBuildFile; fileRef = AB80477D291BFF350052E02F /* SearchViewModel.swift */; };
		AB804780291E6C1F0052E02F /* ProfileViewModel.swift in Sources */ = {isa = PBXBuildFile; fileRef = AB80477F291E6C1F0052E02F /* ProfileViewModel.swift */; };
		AB863CE92901BDFB00D39360 /* FeedView.swift in Sources */ = {isa = PBXBuildFile; fileRef = AB863CE82901BDFB00D39360 /* FeedView.swift */; };
		AB863CEB2902B78200D39360 /* TweetCell.swift in Sources */ = {isa = PBXBuildFile; fileRef = AB863CEA2902B78200D39360 /* TweetCell.swift */; };
		AB863CED2907031B00D39360 /* SearchView.swift in Sources */ = {isa = PBXBuildFile; fileRef = AB863CEC2907031B00D39360 /* SearchView.swift */; };
		AB863CEF290703EA00D39360 /* SearchBar.swift in Sources */ = {isa = PBXBuildFile; fileRef = AB863CEE290703EA00D39360 /* SearchBar.swift */; };
		AB863CF129070C0F00D39360 /* UserCell.swift in Sources */ = {isa = PBXBuildFile; fileRef = AB863CF029070C0E00D39360 /* UserCell.swift */; };
		AB8A218A2936183C0016A85C /* ChatViewModel.swift in Sources */ = {isa = PBXBuildFile; fileRef = AB8A21892936183C0016A85C /* ChatViewModel.swift */; };
		AB94BCC32915AD8F0072529F /* RegistrationView.swift in Sources */ = {isa = PBXBuildFile; fileRef = AB94BCC22915AD8F0072529F /* RegistrationView.swift */; };
		AB94BCC52915B8380072529F /* ImagePicker.swift in Sources */ = {isa = PBXBuildFile; fileRef = AB94BCC42915B8380072529F /* ImagePicker.swift */; };
		AB94BCC729170BEE0072529F /* GoogleService-Info.plist in Resources */ = {isa = PBXBuildFile; fileRef = AB94BCC629170BEE0072529F /* GoogleService-Info.plist */; };
		AB94BCCA29170E6A0072529F /* FirebaseAuth in Frameworks */ = {isa = PBXBuildFile; productRef = AB94BCC929170E6A0072529F /* FirebaseAuth */; };
		AB94BCCC29170E6A0072529F /* FirebaseDatabase in Frameworks */ = {isa = PBXBuildFile; productRef = AB94BCCB29170E6A0072529F /* FirebaseDatabase */; };
		AB94BCCE29170E6A0072529F /* FirebaseFirestore in Frameworks */ = {isa = PBXBuildFile; productRef = AB94BCCD29170E6A0072529F /* FirebaseFirestore */; };
		AB94BCD029170E6A0072529F /* FirebaseFunctions in Frameworks */ = {isa = PBXBuildFile; productRef = AB94BCCF29170E6A0072529F /* FirebaseFunctions */; };
		AB94BCD229170E6A0072529F /* FirebaseStorage in Frameworks */ = {isa = PBXBuildFile; productRef = AB94BCD129170E6A0072529F /* FirebaseStorage */; };
		ABA0A1552924FDA700F753D9 /* UploadTweetViewModel.swift in Sources */ = {isa = PBXBuildFile; fileRef = ABA0A1542924FDA700F753D9 /* UploadTweetViewModel.swift */; };
		ABA0A15729250E2700F753D9 /* Tweet.swift in Sources */ = {isa = PBXBuildFile; fileRef = ABA0A15629250E2700F753D9 /* Tweet.swift */; };
		ABA0A1592925102000F753D9 /* FeedViewModel.swift in Sources */ = {isa = PBXBuildFile; fileRef = ABA0A1582925102000F753D9 /* FeedViewModel.swift */; };
		ABA0A15B292BBA5200F753D9 /* TweetDetailsView.swift in Sources */ = {isa = PBXBuildFile; fileRef = ABA0A15A292BBA5200F753D9 /* TweetDetailsView.swift */; };
		ABA0A15D292BC13C00F753D9 /* TweetActionsView.swift in Sources */ = {isa = PBXBuildFile; fileRef = ABA0A15C292BC13C00F753D9 /* TweetActionsView.swift */; };
		ABA0A15F292BDD8D00F753D9 /* TweetActionsViewModel.swift in Sources */ = {isa = PBXBuildFile; fileRef = ABA0A15E292BDD8D00F753D9 /* TweetActionsViewModel.swift */; };
		ABA0A161292D607E00F753D9 /* LazyView.swift in Sources */ = {isa = PBXBuildFile; fileRef = ABA0A160292D607D00F753D9 /* LazyView.swift */; };
		ABA5126A2908767900FCA832 /* MessageInputView.swift in Sources */ = {isa = PBXBuildFile; fileRef = ABA512692908767900FCA832 /* MessageInputView.swift */; };
		ABA5126C2908768100FCA832 /* ChatView.swift in Sources */ = {isa = PBXBuildFile; fileRef = ABA5126B2908768100FCA832 /* ChatView.swift */; };
		ABA5126E29096DB700FCA832 /* ChatBubble.swift in Sources */ = {isa = PBXBuildFile; fileRef = ABA5126D29096DB700FCA832 /* ChatBubble.swift */; };
		ABA5127029098C4A00FCA832 /* Message.swift in Sources */ = {isa = PBXBuildFile; fileRef = ABA5126F29098C4A00FCA832 /* Message.swift */; };
		ABA512722909925300FCA832 /* MessageView.swift in Sources */ = {isa = PBXBuildFile; fileRef = ABA512712909925200FCA832 /* MessageView.swift */; };
		ABA5127429099A6800FCA832 /* NewMessageView.swift in Sources */ = {isa = PBXBuildFile; fileRef = ABA5127329099A6800FCA832 /* NewMessageView.swift */; };
		ABA910C0290A8F980068548F /* UserProfileView.swift in Sources */ = {isa = PBXBuildFile; fileRef = ABA910BF290A8F980068548F /* UserProfileView.swift */; };
		ABA910C2290A8FA70068548F /* ProfileHeaderView.swift in Sources */ = {isa = PBXBuildFile; fileRef = ABA910C1290A8FA70068548F /* ProfileHeaderView.swift */; };
		ABA910C4290A8FB60068548F /* ProfileActionButton.swift in Sources */ = {isa = PBXBuildFile; fileRef = ABA910C3290A8FB60068548F /* ProfileActionButton.swift */; };
		ABA910C6290A8FE90068548F /* FilterButtonView.swift in Sources */ = {isa = PBXBuildFile; fileRef = ABA910C5290A8FE90068548F /* FilterButtonView.swift */; };
		ABA910C9290C32BC0068548F /* NewTweetView.swift in Sources */ = {isa = PBXBuildFile; fileRef = ABA910C8290C32BC0068548F /* NewTweetView.swift */; };
		ABA910CD290C3BAD0068548F /* TextArea.swift in Sources */ = {isa = PBXBuildFile; fileRef = ABA910CC290C3BAD0068548F /* TextArea.swift */; };
		ABCF8C9829191D0200AF4512 /* AuthViewModel.swift in Sources */ = {isa = PBXBuildFile; fileRef = ABCF8C9729191D0200AF4512 /* AuthViewModel.swift */; };
/* End PBXBuildFile section */

/* Begin PBXFileReference section */
		AB2580B12901490C00C2B80B /* TwitterSwiftUI.app */ = {isa = PBXFileReference; explicitFileType = wrapper.application; includeInIndex = 0; path = TwitterSwiftUI.app; sourceTree = BUILT_PRODUCTS_DIR; };
		AB2580B42901490C00C2B80B /* TwitterSwiftUIApp.swift */ = {isa = PBXFileReference; lastKnownFileType = sourcecode.swift; path = TwitterSwiftUIApp.swift; sourceTree = "<group>"; };
		AB2580B62901490C00C2B80B /* ContentView.swift */ = {isa = PBXFileReference; lastKnownFileType = sourcecode.swift; path = ContentView.swift; sourceTree = "<group>"; };
		AB2580B82901490E00C2B80B /* Assets.xcassets */ = {isa = PBXFileReference; lastKnownFileType = folder.assetcatalog; path = Assets.xcassets; sourceTree = "<group>"; };
		AB2580BB2901490E00C2B80B /* Preview Assets.xcassets */ = {isa = PBXFileReference; lastKnownFileType = folder.assetcatalog; path = "Preview Assets.xcassets"; sourceTree = "<group>"; };
		AB5B262D29083B8200CACA10 /* ConversationView.swift */ = {isa = PBXFileReference; lastKnownFileType = sourcecode.swift; path = ConversationView.swift; sourceTree = "<group>"; };
		AB5B262F29083B8F00CACA10 /* ConversationCell.swift */ = {isa = PBXFileReference; lastKnownFileType = sourcecode.swift; path = ConversationCell.swift; sourceTree = "<group>"; };
		AB7F986929156A4200CEF734 /* LoginView.swift */ = {isa = PBXFileReference; lastKnownFileType = sourcecode.swift; path = LoginView.swift; sourceTree = "<group>"; };
		AB7F986B29156A4F00CEF734 /* CustomTextField.swift */ = {isa = PBXFileReference; lastKnownFileType = sourcecode.swift; path = CustomTextField.swift; sourceTree = "<group>"; };
		AB7F986D29157C0B00CEF734 /* CustomSecureTextField.swift */ = {isa = PBXFileReference; lastKnownFileType = sourcecode.swift; path = CustomSecureTextField.swift; sourceTree = "<group>"; };
		AB804776291AC59C0052E02F /* User.swift */ = {isa = PBXFileReference; lastKnownFileType = sourcecode.swift; path = User.swift; sourceTree = "<group>"; };
		AB80477B291BFED90052E02F /* Constants.swift */ = {isa = PBXFileReference; lastKnownFileType = sourcecode.swift; path = Constants.swift; sourceTree = "<group>"; };
		AB80477D291BFF350052E02F /* SearchViewModel.swift */ = {isa = PBXFileReference; lastKnownFileType = sourcecode.swift; path = SearchViewModel.swift; sourceTree = "<group>"; };
		AB80477F291E6C1F0052E02F /* ProfileViewModel.swift */ = {isa = PBXFileReference; lastKnownFileType = sourcecode.swift; path = ProfileViewModel.swift; sourceTree = "<group>"; };
		AB863CE82901BDFB00D39360 /* FeedView.swift */ = {isa = PBXFileReference; lastKnownFileType = sourcecode.swift; path = FeedView.swift; sourceTree = "<group>"; };
		AB863CEA2902B78200D39360 /* TweetCell.swift */ = {isa = PBXFileReference; lastKnownFileType = sourcecode.swift; path = TweetCell.swift; sourceTree = "<group>"; };
		AB863CEC2907031B00D39360 /* SearchView.swift */ = {isa = PBXFileReference; lastKnownFileType = sourcecode.swift; path = SearchView.swift; sourceTree = "<group>"; };
		AB863CEE290703EA00D39360 /* SearchBar.swift */ = {isa = PBXFileReference; lastKnownFileType = sourcecode.swift; path = SearchBar.swift; sourceTree = "<group>"; };
		AB863CF029070C0E00D39360 /* UserCell.swift */ = {isa = PBXFileReference; lastKnownFileType = sourcecode.swift; path = UserCell.swift; sourceTree = "<group>"; };
		AB8A21892936183C0016A85C /* ChatViewModel.swift */ = {isa = PBXFileReference; lastKnownFileType = sourcecode.swift; path = ChatViewModel.swift; sourceTree = "<group>"; };
		AB94BCC22915AD8F0072529F /* RegistrationView.swift */ = {isa = PBXFileReference; lastKnownFileType = sourcecode.swift; path = RegistrationView.swift; sourceTree = "<group>"; };
		AB94BCC42915B8380072529F /* ImagePicker.swift */ = {isa = PBXFileReference; lastKnownFileType = sourcecode.swift; path = ImagePicker.swift; sourceTree = "<group>"; };
		AB94BCC629170BEE0072529F /* GoogleService-Info.plist */ = {isa = PBXFileReference; fileEncoding = 4; lastKnownFileType = text.plist.xml; path = "GoogleService-Info.plist"; sourceTree = "<group>"; };
		ABA0A1542924FDA700F753D9 /* UploadTweetViewModel.swift */ = {isa = PBXFileReference; lastKnownFileType = sourcecode.swift; path = UploadTweetViewModel.swift; sourceTree = "<group>"; };
		ABA0A15629250E2700F753D9 /* Tweet.swift */ = {isa = PBXFileReference; lastKnownFileType = sourcecode.swift; path = Tweet.swift; sourceTree = "<group>"; };
		ABA0A1582925102000F753D9 /* FeedViewModel.swift */ = {isa = PBXFileReference; lastKnownFileType = sourcecode.swift; path = FeedViewModel.swift; sourceTree = "<group>"; };
		ABA0A15A292BBA5200F753D9 /* TweetDetailsView.swift */ = {isa = PBXFileReference; lastKnownFileType = sourcecode.swift; path = TweetDetailsView.swift; sourceTree = "<group>"; };
		ABA0A15C292BC13C00F753D9 /* TweetActionsView.swift */ = {isa = PBXFileReference; lastKnownFileType = sourcecode.swift; path = TweetActionsView.swift; sourceTree = "<group>"; };
		ABA0A15E292BDD8D00F753D9 /* TweetActionsViewModel.swift */ = {isa = PBXFileReference; lastKnownFileType = sourcecode.swift; path = TweetActionsViewModel.swift; sourceTree = "<group>"; };
		ABA0A160292D607D00F753D9 /* LazyView.swift */ = {isa = PBXFileReference; lastKnownFileType = sourcecode.swift; path = LazyView.swift; sourceTree = "<group>"; };
		ABA512692908767900FCA832 /* MessageInputView.swift */ = {isa = PBXFileReference; lastKnownFileType = sourcecode.swift; path = MessageInputView.swift; sourceTree = "<group>"; };
		ABA5126B2908768100FCA832 /* ChatView.swift */ = {isa = PBXFileReference; lastKnownFileType = sourcecode.swift; path = ChatView.swift; sourceTree = "<group>"; };
		ABA5126D29096DB700FCA832 /* ChatBubble.swift */ = {isa = PBXFileReference; lastKnownFileType = sourcecode.swift; path = ChatBubble.swift; sourceTree = "<group>"; };
		ABA5126F29098C4A00FCA832 /* Message.swift */ = {isa = PBXFileReference; lastKnownFileType = sourcecode.swift; path = Message.swift; sourceTree = "<group>"; };
		ABA512712909925200FCA832 /* MessageView.swift */ = {isa = PBXFileReference; lastKnownFileType = sourcecode.swift; path = MessageView.swift; sourceTree = "<group>"; };
		ABA5127329099A6800FCA832 /* NewMessageView.swift */ = {isa = PBXFileReference; lastKnownFileType = sourcecode.swift; path = NewMessageView.swift; sourceTree = "<group>"; };
		ABA910BF290A8F980068548F /* UserProfileView.swift */ = {isa = PBXFileReference; lastKnownFileType = sourcecode.swift; path = UserProfileView.swift; sourceTree = "<group>"; };
		ABA910C1290A8FA70068548F /* ProfileHeaderView.swift */ = {isa = PBXFileReference; lastKnownFileType = sourcecode.swift; path = ProfileHeaderView.swift; sourceTree = "<group>"; };
		ABA910C3290A8FB60068548F /* ProfileActionButton.swift */ = {isa = PBXFileReference; lastKnownFileType = sourcecode.swift; path = ProfileActionButton.swift; sourceTree = "<group>"; };
		ABA910C5290A8FE90068548F /* FilterButtonView.swift */ = {isa = PBXFileReference; lastKnownFileType = sourcecode.swift; path = FilterButtonView.swift; sourceTree = "<group>"; };
		ABA910C8290C32BC0068548F /* NewTweetView.swift */ = {isa = PBXFileReference; lastKnownFileType = sourcecode.swift; path = NewTweetView.swift; sourceTree = "<group>"; };
		ABA910CC290C3BAD0068548F /* TextArea.swift */ = {isa = PBXFileReference; lastKnownFileType = sourcecode.swift; path = TextArea.swift; sourceTree = "<group>"; };
		ABCF8C9729191D0200AF4512 /* AuthViewModel.swift */ = {isa = PBXFileReference; lastKnownFileType = sourcecode.swift; path = AuthViewModel.swift; sourceTree = "<group>"; };
/* End PBXFileReference section */

/* Begin PBXFrameworksBuildPhase section */
		AB2580AE2901490C00C2B80B /* Frameworks */ = {
			isa = PBXFrameworksBuildPhase;
			buildActionMask = 2147483647;
			files = (
				AB80477A291BF9D20052E02F /* Kingfisher in Frameworks */,
				AB94BCCC29170E6A0072529F /* FirebaseDatabase in Frameworks */,
				AB94BCCA29170E6A0072529F /* FirebaseAuth in Frameworks */,
				AB94BCCE29170E6A0072529F /* FirebaseFirestore in Frameworks */,
				AB94BCD229170E6A0072529F /* FirebaseStorage in Frameworks */,
				AB94BCD029170E6A0072529F /* FirebaseFunctions in Frameworks */,
			);
			runOnlyForDeploymentPostprocessing = 0;
		};
/* End PBXFrameworksBuildPhase section */

/* Begin PBXGroup section */
		AB2580A82901490C00C2B80B = {
			isa = PBXGroup;
			children = (
				AB2580B32901490C00C2B80B /* TwitterSwiftUI */,
				AB2580B22901490C00C2B80B /* Products */,
			);
			sourceTree = "<group>";
		};
		AB2580B22901490C00C2B80B /* Products */ = {
			isa = PBXGroup;
			children = (
				AB2580B12901490C00C2B80B /* TwitterSwiftUI.app */,
			);
			name = Products;
			sourceTree = "<group>";
		};
		AB2580B32901490C00C2B80B /* TwitterSwiftUI */ = {
			isa = PBXGroup;
			children = (
				ABA910CA290C3B960068548F /* Utils */,
				AB863CE72901B1AA00D39360 /* Model */,
				AB863CE62901B1A900D39360 /* View */,
				AB863CE52901B19F00D39360 /* ViewModels */,
				AB2580B42901490C00C2B80B /* TwitterSwiftUIApp.swift */,
				AB2580B82901490E00C2B80B /* Assets.xcassets */,
				AB94BCC629170BEE0072529F /* GoogleService-Info.plist */,
				AB2580BA2901490E00C2B80B /* Preview Content */,
			);
			path = TwitterSwiftUI;
			sourceTree = "<group>";
		};
		AB2580BA2901490E00C2B80B /* Preview Content */ = {
			isa = PBXGroup;
			children = (
				AB2580BB2901490E00C2B80B /* Preview Assets.xcassets */,
			);
			path = "Preview Content";
			sourceTree = "<group>";
		};
		AB5B262C29083B6E00CACA10 /* Messages */ = {
			isa = PBXGroup;
			children = (
				AB5B262D29083B8200CACA10 /* ConversationView.swift */,
				AB5B262F29083B8F00CACA10 /* ConversationCell.swift */,
				ABA512692908767900FCA832 /* MessageInputView.swift */,
				ABA5126B2908768100FCA832 /* ChatView.swift */,
				ABA5126D29096DB700FCA832 /* ChatBubble.swift */,
				ABA512712909925200FCA832 /* MessageView.swift */,
				ABA5127329099A6800FCA832 /* NewMessageView.swift */,
			);
			path = Messages;
			sourceTree = "<group>";
		};
		AB7F986829156A2700CEF734 /* Authentification */ = {
			isa = PBXGroup;
			children = (
				AB7F986929156A4200CEF734 /* LoginView.swift */,
				AB94BCC22915AD8F0072529F /* RegistrationView.swift */,
			);
			path = Authentification;
			sourceTree = "<group>";
		};
		AB863CE52901B19F00D39360 /* ViewModels */ = {
			isa = PBXGroup;
			children = (
				ABCF8C9729191D0200AF4512 /* AuthViewModel.swift */,
				AB80477D291BFF350052E02F /* SearchViewModel.swift */,
				AB80477F291E6C1F0052E02F /* ProfileViewModel.swift */,
				ABA0A1542924FDA700F753D9 /* UploadTweetViewModel.swift */,
				ABA0A1582925102000F753D9 /* FeedViewModel.swift */,
				ABA0A15E292BDD8D00F753D9 /* TweetActionsViewModel.swift */,
				AB8A21892936183C0016A85C /* ChatViewModel.swift */,
			);
			path = ViewModels;
			sourceTree = "<group>";
		};
		AB863CE62901B1A900D39360 /* View */ = {
			isa = PBXGroup;
			children = (
				AB7F986829156A2700CEF734 /* Authentification */,
				ABA910C7290C32A00068548F /* Tweets */,
				ABA910BE290A8F8A0068548F /* Profile */,
				AB5B262C29083B6E00CACA10 /* Messages */,
				AB2580B62901490C00C2B80B /* ContentView.swift */,
				AB863CE82901BDFB00D39360 /* FeedView.swift */,
				AB863CEA2902B78200D39360 /* TweetCell.swift */,
				AB863CEC2907031B00D39360 /* SearchView.swift */,
				AB863CEE290703EA00D39360 /* SearchBar.swift */,
				AB863CF029070C0E00D39360 /* UserCell.swift */,
			);
			path = View;
			sourceTree = "<group>";
		};
		AB863CE72901B1AA00D39360 /* Model */ = {
			isa = PBXGroup;
			children = (
				ABA5126F29098C4A00FCA832 /* Message.swift */,
				AB804776291AC59C0052E02F /* User.swift */,
				ABA0A15629250E2700F753D9 /* Tweet.swift */,
			);
			path = Model;
			sourceTree = "<group>";
		};
		ABA910BE290A8F8A0068548F /* Profile */ = {
			isa = PBXGroup;
			children = (
				ABA910BF290A8F980068548F /* UserProfileView.swift */,
				ABA910C1290A8FA70068548F /* ProfileHeaderView.swift */,
				ABA910C3290A8FB60068548F /* ProfileActionButton.swift */,
				ABA910C5290A8FE90068548F /* FilterButtonView.swift */,
			);
			path = Profile;
			sourceTree = "<group>";
		};
		ABA910C7290C32A00068548F /* Tweets */ = {
			isa = PBXGroup;
			children = (
				ABA910C8290C32BC0068548F /* NewTweetView.swift */,
				ABA0A15A292BBA5200F753D9 /* TweetDetailsView.swift */,
				ABA0A15C292BC13C00F753D9 /* TweetActionsView.swift */,
			);
			path = Tweets;
			sourceTree = "<group>";
		};
		ABA910CA290C3B960068548F /* Utils */ = {
			isa = PBXGroup;
			children = (
				ABA910CB290C3B9B0068548F /* View */,
				AB80477B291BFED90052E02F /* Constants.swift */,
			);
			path = Utils;
			sourceTree = "<group>";
		};
		ABA910CB290C3B9B0068548F /* View */ = {
			isa = PBXGroup;
			children = (
				ABA910CC290C3BAD0068548F /* TextArea.swift */,
				AB7F986B29156A4F00CEF734 /* CustomTextField.swift */,
				AB7F986D29157C0B00CEF734 /* CustomSecureTextField.swift */,
				AB94BCC42915B8380072529F /* ImagePicker.swift */,
				ABA0A160292D607D00F753D9 /* LazyView.swift */,
			);
			path = View;
			sourceTree = "<group>";
		};
/* End PBXGroup section */

/* Begin PBXNativeTarget section */
		AB2580B02901490C00C2B80B /* TwitterSwiftUI */ = {
			isa = PBXNativeTarget;
			buildConfigurationList = AB2580BF2901490E00C2B80B /* Build configuration list for PBXNativeTarget "TwitterSwiftUI" */;
			buildPhases = (
				AB2580AD2901490C00C2B80B /* Sources */,
				AB2580AE2901490C00C2B80B /* Frameworks */,
				AB2580AF2901490C00C2B80B /* Resources */,
			);
			buildRules = (
			);
			dependencies = (
			);
			name = TwitterSwiftUI;
			packageProductDependencies = (
				AB94BCC929170E6A0072529F /* FirebaseAuth */,
				AB94BCCB29170E6A0072529F /* FirebaseDatabase */,
				AB94BCCD29170E6A0072529F /* FirebaseFirestore */,
				AB94BCCF29170E6A0072529F /* FirebaseFunctions */,
				AB94BCD129170E6A0072529F /* FirebaseStorage */,
				AB804779291BF9D20052E02F /* Kingfisher */,
			);
			productName = TwitterSwiftUI;
			productReference = AB2580B12901490C00C2B80B /* TwitterSwiftUI.app */;
			productType = "com.apple.product-type.application";
		};
/* End PBXNativeTarget section */

/* Begin PBXProject section */
		AB2580A92901490C00C2B80B /* Project object */ = {
			isa = PBXProject;
			attributes = {
				BuildIndependentTargetsInParallel = 1;
				LastSwiftUpdateCheck = 1400;
				LastUpgradeCheck = 1400;
				TargetAttributes = {
					AB2580B02901490C00C2B80B = {
						CreatedOnToolsVersion = 14.0.1;
					};
				};
			};
			buildConfigurationList = AB2580AC2901490C00C2B80B /* Build configuration list for PBXProject "TwitterSwiftUI" */;
			compatibilityVersion = "Xcode 14.0";
			developmentRegion = en;
			hasScannedForEncodings = 0;
			knownRegions = (
				en,
				Base,
			);
			mainGroup = AB2580A82901490C00C2B80B;
			packageReferences = (
				AB94BCC829170E6A0072529F /* XCRemoteSwiftPackageReference "firebase-ios-sdk" */,
				AB804778291BF9D10052E02F /* XCRemoteSwiftPackageReference "Kingfisher" */,
			);
			productRefGroup = AB2580B22901490C00C2B80B /* Products */;
			projectDirPath = "";
			projectRoot = "";
			targets = (
				AB2580B02901490C00C2B80B /* TwitterSwiftUI */,
			);
		};
/* End PBXProject section */

/* Begin PBXResourcesBuildPhase section */
		AB2580AF2901490C00C2B80B /* Resources */ = {
			isa = PBXResourcesBuildPhase;
			buildActionMask = 2147483647;
			files = (
				AB2580BC2901490E00C2B80B /* Preview Assets.xcassets in Resources */,
				AB2580B92901490E00C2B80B /* Assets.xcassets in Resources */,
				AB94BCC729170BEE0072529F /* GoogleService-Info.plist in Resources */,
			);
			runOnlyForDeploymentPostprocessing = 0;
		};
/* End PBXResourcesBuildPhase section */

/* Begin PBXSourcesBuildPhase section */
		AB2580AD2901490C00C2B80B /* Sources */ = {
			isa = PBXSourcesBuildPhase;
			buildActionMask = 2147483647;
			files = (
				ABA0A161292D607E00F753D9 /* LazyView.swift in Sources */,
				AB863CED2907031B00D39360 /* SearchView.swift in Sources */,
				AB7F986E29157C0C00CEF734 /* CustomSecureTextField.swift in Sources */,
				ABA910CD290C3BAD0068548F /* TextArea.swift in Sources */,
				ABA5126A2908767900FCA832 /* MessageInputView.swift in Sources */,
				AB2580B72901490C00C2B80B /* ContentView.swift in Sources */,
				AB80477C291BFED90052E02F /* Constants.swift in Sources */,
				AB80477E291BFF350052E02F /* SearchViewModel.swift in Sources */,
				AB7F986C29156A4F00CEF734 /* CustomTextField.swift in Sources */,
				AB863CE92901BDFB00D39360 /* FeedView.swift in Sources */,
				ABA910C2290A8FA70068548F /* ProfileHeaderView.swift in Sources */,
				ABA0A15D292BC13C00F753D9 /* TweetActionsView.swift in Sources */,
				ABA5126C2908768100FCA832 /* ChatView.swift in Sources */,
				AB8A218A2936183C0016A85C /* ChatViewModel.swift in Sources */,
				AB2580B52901490C00C2B80B /* TwitterSwiftUIApp.swift in Sources */,
				AB804780291E6C1F0052E02F /* ProfileViewModel.swift in Sources */,
				AB7F986A29156A4200CEF734 /* LoginView.swift in Sources */,
				ABA910C9290C32BC0068548F /* NewTweetView.swift in Sources */,
				ABA0A1552924FDA700F753D9 /* UploadTweetViewModel.swift in Sources */,
				ABA910C6290A8FE90068548F /* FilterButtonView.swift in Sources */,
				AB863CEB2902B78200D39360 /* TweetCell.swift in Sources */,
				ABA0A1592925102000F753D9 /* FeedViewModel.swift in Sources */,
				ABA0A15F292BDD8D00F753D9 /* TweetActionsViewModel.swift in Sources */,
				AB94BCC32915AD8F0072529F /* RegistrationView.swift in Sources */,
				ABA5126E29096DB700FCA832 /* ChatBubble.swift in Sources */,
				AB863CEF290703EA00D39360 /* SearchBar.swift in Sources */,
				ABA0A15729250E2700F753D9 /* Tweet.swift in Sources */,
				ABA0A15B292BBA5200F753D9 /* TweetDetailsView.swift in Sources */,
				ABCF8C9829191D0200AF4512 /* AuthViewModel.swift in Sources */,
				ABA5127429099A6800FCA832 /* NewMessageView.swift in Sources */,
				ABA5127029098C4A00FCA832 /* Message.swift in Sources */,
				AB804777291AC59C0052E02F /* User.swift in Sources */,
				ABA910C4290A8FB60068548F /* ProfileActionButton.swift in Sources */,
				ABA910C0290A8F980068548F /* UserProfileView.swift in Sources */,
				AB863CF129070C0F00D39360 /* UserCell.swift in Sources */,
				AB5B262E29083B8200CACA10 /* ConversationView.swift in Sources */,
				ABA512722909925300FCA832 /* MessageView.swift in Sources */,
				AB94BCC52915B8380072529F /* ImagePicker.swift in Sources */,
				AB5B263029083B8F00CACA10 /* ConversationCell.swift in Sources */,
			);
			runOnlyForDeploymentPostprocessing = 0;
		};
/* End PBXSourcesBuildPhase section */

/* Begin XCBuildConfiguration section */
		AB2580BD2901490E00C2B80B /* Debug */ = {
			isa = XCBuildConfiguration;
			buildSettings = {
				ALWAYS_SEARCH_USER_PATHS = NO;
				CLANG_ANALYZER_NONNULL = YES;
				CLANG_ANALYZER_NUMBER_OBJECT_CONVERSION = YES_AGGRESSIVE;
				CLANG_CXX_LANGUAGE_STANDARD = "gnu++20";
				CLANG_ENABLE_MODULES = YES;
				CLANG_ENABLE_OBJC_ARC = YES;
				CLANG_ENABLE_OBJC_WEAK = YES;
				CLANG_WARN_BLOCK_CAPTURE_AUTORELEASING = YES;
				CLANG_WARN_BOOL_CONVERSION = YES;
				CLANG_WARN_COMMA = YES;
				CLANG_WARN_CONSTANT_CONVERSION = YES;
				CLANG_WARN_DEPRECATED_OBJC_IMPLEMENTATIONS = YES;
				CLANG_WARN_DIRECT_OBJC_ISA_USAGE = YES_ERROR;
				CLANG_WARN_DOCUMENTATION_COMMENTS = YES;
				CLANG_WARN_EMPTY_BODY = YES;
				CLANG_WARN_ENUM_CONVERSION = YES;
				CLANG_WARN_INFINITE_RECURSION = YES;
				CLANG_WARN_INT_CONVERSION = YES;
				CLANG_WARN_NON_LITERAL_NULL_CONVERSION = YES;
				CLANG_WARN_OBJC_IMPLICIT_RETAIN_SELF = YES;
				CLANG_WARN_OBJC_LITERAL_CONVERSION = YES;
				CLANG_WARN_OBJC_ROOT_CLASS = YES_ERROR;
				CLANG_WARN_QUOTED_INCLUDE_IN_FRAMEWORK_HEADER = YES;
				CLANG_WARN_RANGE_LOOP_ANALYSIS = YES;
				CLANG_WARN_STRICT_PROTOTYPES = YES;
				CLANG_WARN_SUSPICIOUS_MOVE = YES;
				CLANG_WARN_UNGUARDED_AVAILABILITY = YES_AGGRESSIVE;
				CLANG_WARN_UNREACHABLE_CODE = YES;
				CLANG_WARN__DUPLICATE_METHOD_MATCH = YES;
				COPY_PHASE_STRIP = NO;
				DEBUG_INFORMATION_FORMAT = dwarf;
				ENABLE_STRICT_OBJC_MSGSEND = YES;
				ENABLE_TESTABILITY = YES;
				GCC_C_LANGUAGE_STANDARD = gnu11;
				GCC_DYNAMIC_NO_PIC = NO;
				GCC_NO_COMMON_BLOCKS = YES;
				GCC_OPTIMIZATION_LEVEL = 0;
				GCC_PREPROCESSOR_DEFINITIONS = (
					"DEBUG=1",
					"$(inherited)",
				);
				GCC_WARN_64_TO_32_BIT_CONVERSION = YES;
				GCC_WARN_ABOUT_RETURN_TYPE = YES_ERROR;
				GCC_WARN_UNDECLARED_SELECTOR = YES;
				GCC_WARN_UNINITIALIZED_AUTOS = YES_AGGRESSIVE;
				GCC_WARN_UNUSED_FUNCTION = YES;
				GCC_WARN_UNUSED_VARIABLE = YES;
				IPHONEOS_DEPLOYMENT_TARGET = 16.0;
				MTL_ENABLE_DEBUG_INFO = INCLUDE_SOURCE;
				MTL_FAST_MATH = YES;
				ONLY_ACTIVE_ARCH = YES;
				SDKROOT = iphoneos;
				SWIFT_ACTIVE_COMPILATION_CONDITIONS = DEBUG;
				SWIFT_OPTIMIZATION_LEVEL = "-Onone";
			};
			name = Debug;
		};
		AB2580BE2901490E00C2B80B /* Release */ = {
			isa = XCBuildConfiguration;
			buildSettings = {
				ALWAYS_SEARCH_USER_PATHS = NO;
				CLANG_ANALYZER_NONNULL = YES;
				CLANG_ANALYZER_NUMBER_OBJECT_CONVERSION = YES_AGGRESSIVE;
				CLANG_CXX_LANGUAGE_STANDARD = "gnu++20";
				CLANG_ENABLE_MODULES = YES;
				CLANG_ENABLE_OBJC_ARC = YES;
				CLANG_ENABLE_OBJC_WEAK = YES;
				CLANG_WARN_BLOCK_CAPTURE_AUTORELEASING = YES;
				CLANG_WARN_BOOL_CONVERSION = YES;
				CLANG_WARN_COMMA = YES;
				CLANG_WARN_CONSTANT_CONVERSION = YES;
				CLANG_WARN_DEPRECATED_OBJC_IMPLEMENTATIONS = YES;
				CLANG_WARN_DIRECT_OBJC_ISA_USAGE = YES_ERROR;
				CLANG_WARN_DOCUMENTATION_COMMENTS = YES;
				CLANG_WARN_EMPTY_BODY = YES;
				CLANG_WARN_ENUM_CONVERSION = YES;
				CLANG_WARN_INFINITE_RECURSION = YES;
				CLANG_WARN_INT_CONVERSION = YES;
				CLANG_WARN_NON_LITERAL_NULL_CONVERSION = YES;
				CLANG_WARN_OBJC_IMPLICIT_RETAIN_SELF = YES;
				CLANG_WARN_OBJC_LITERAL_CONVERSION = YES;
				CLANG_WARN_OBJC_ROOT_CLASS = YES_ERROR;
				CLANG_WARN_QUOTED_INCLUDE_IN_FRAMEWORK_HEADER = YES;
				CLANG_WARN_RANGE_LOOP_ANALYSIS = YES;
				CLANG_WARN_STRICT_PROTOTYPES = YES;
				CLANG_WARN_SUSPICIOUS_MOVE = YES;
				CLANG_WARN_UNGUARDED_AVAILABILITY = YES_AGGRESSIVE;
				CLANG_WARN_UNREACHABLE_CODE = YES;
				CLANG_WARN__DUPLICATE_METHOD_MATCH = YES;
				COPY_PHASE_STRIP = NO;
				DEBUG_INFORMATION_FORMAT = "dwarf-with-dsym";
				ENABLE_NS_ASSERTIONS = NO;
				ENABLE_STRICT_OBJC_MSGSEND = YES;
				GCC_C_LANGUAGE_STANDARD = gnu11;
				GCC_NO_COMMON_BLOCKS = YES;
				GCC_WARN_64_TO_32_BIT_CONVERSION = YES;
				GCC_WARN_ABOUT_RETURN_TYPE = YES_ERROR;
				GCC_WARN_UNDECLARED_SELECTOR = YES;
				GCC_WARN_UNINITIALIZED_AUTOS = YES_AGGRESSIVE;
				GCC_WARN_UNUSED_FUNCTION = YES;
				GCC_WARN_UNUSED_VARIABLE = YES;
				IPHONEOS_DEPLOYMENT_TARGET = 16.0;
				MTL_ENABLE_DEBUG_INFO = NO;
				MTL_FAST_MATH = YES;
				SDKROOT = iphoneos;
				SWIFT_COMPILATION_MODE = wholemodule;
				SWIFT_OPTIMIZATION_LEVEL = "-O";
				VALIDATE_PRODUCT = YES;
			};
			name = Release;
		};
		AB2580C02901490E00C2B80B /* Debug */ = {
			isa = XCBuildConfiguration;
			buildSettings = {
				ASSETCATALOG_COMPILER_APPICON_NAME = AppIcon;
				ASSETCATALOG_COMPILER_GLOBAL_ACCENT_COLOR_NAME = AccentColor;
				CODE_SIGN_STYLE = Automatic;
				CURRENT_PROJECT_VERSION = 1;
				DEVELOPMENT_ASSET_PATHS = "\"TwitterSwiftUI/Preview Content\"";
				DEVELOPMENT_TEAM = 2T2W877SRM;
				ENABLE_PREVIEWS = YES;
				GENERATE_INFOPLIST_FILE = YES;
				INFOPLIST_KEY_UIApplicationSceneManifest_Generation = YES;
				INFOPLIST_KEY_UIApplicationSupportsIndirectInputEvents = YES;
				INFOPLIST_KEY_UILaunchScreen_Generation = YES;
				INFOPLIST_KEY_UISupportedInterfaceOrientations_iPad = "UIInterfaceOrientationPortrait UIInterfaceOrientationPortraitUpsideDown UIInterfaceOrientationLandscapeLeft UIInterfaceOrientationLandscapeRight";
				INFOPLIST_KEY_UISupportedInterfaceOrientations_iPhone = "UIInterfaceOrientationPortrait UIInterfaceOrientationLandscapeLeft UIInterfaceOrientationLandscapeRight";
				LD_RUNPATH_SEARCH_PATHS = (
					"$(inherited)",
					"@executable_path/Frameworks",
				);
				MARKETING_VERSION = 1.0;
				PRODUCT_BUNDLE_IDENTIFIER = com.sharf.TwitterSwiftUI;
				PRODUCT_NAME = "$(TARGET_NAME)";
				SWIFT_EMIT_LOC_STRINGS = YES;
				SWIFT_VERSION = 5.0;
				TARGETED_DEVICE_FAMILY = "1,2";
			};
			name = Debug;
		};
		AB2580C12901490E00C2B80B /* Release */ = {
			isa = XCBuildConfiguration;
			buildSettings = {
				ASSETCATALOG_COMPILER_APPICON_NAME = AppIcon;
				ASSETCATALOG_COMPILER_GLOBAL_ACCENT_COLOR_NAME = AccentColor;
				CODE_SIGN_STYLE = Automatic;
				CURRENT_PROJECT_VERSION = 1;
				DEVELOPMENT_ASSET_PATHS = "\"TwitterSwiftUI/Preview Content\"";
				DEVELOPMENT_TEAM = 2T2W877SRM;
				ENABLE_PREVIEWS = YES;
				GENERATE_INFOPLIST_FILE = YES;
				INFOPLIST_KEY_UIApplicationSceneManifest_Generation = YES;
				INFOPLIST_KEY_UIApplicationSupportsIndirectInputEvents = YES;
				INFOPLIST_KEY_UILaunchScreen_Generation = YES;
				INFOPLIST_KEY_UISupportedInterfaceOrientations_iPad = "UIInterfaceOrientationPortrait UIInterfaceOrientationPortraitUpsideDown UIInterfaceOrientationLandscapeLeft UIInterfaceOrientationLandscapeRight";
				INFOPLIST_KEY_UISupportedInterfaceOrientations_iPhone = "UIInterfaceOrientationPortrait UIInterfaceOrientationLandscapeLeft UIInterfaceOrientationLandscapeRight";
				LD_RUNPATH_SEARCH_PATHS = (
					"$(inherited)",
					"@executable_path/Frameworks",
				);
				MARKETING_VERSION = 1.0;
				PRODUCT_BUNDLE_IDENTIFIER = com.sharf.TwitterSwiftUI;
				PRODUCT_NAME = "$(TARGET_NAME)";
				SWIFT_EMIT_LOC_STRINGS = YES;
				SWIFT_VERSION = 5.0;
				TARGETED_DEVICE_FAMILY = "1,2";
			};
			name = Release;
		};
/* End XCBuildConfiguration section */

/* Begin XCConfigurationList section */
		AB2580AC2901490C00C2B80B /* Build configuration list for PBXProject "TwitterSwiftUI" */ = {
			isa = XCConfigurationList;
			buildConfigurations = (
				AB2580BD2901490E00C2B80B /* Debug */,
				AB2580BE2901490E00C2B80B /* Release */,
			);
			defaultConfigurationIsVisible = 0;
			defaultConfigurationName = Release;
		};
		AB2580BF2901490E00C2B80B /* Build configuration list for PBXNativeTarget "TwitterSwiftUI" */ = {
			isa = XCConfigurationList;
			buildConfigurations = (
				AB2580C02901490E00C2B80B /* Debug */,
				AB2580C12901490E00C2B80B /* Release */,
			);
			defaultConfigurationIsVisible = 0;
			defaultConfigurationName = Release;
		};
/* End XCConfigurationList section */

/* Begin XCRemoteSwiftPackageReference section */
		AB804778291BF9D10052E02F /* XCRemoteSwiftPackageReference "Kingfisher" */ = {
			isa = XCRemoteSwiftPackageReference;
			repositoryURL = "https://github.com/onevcat/Kingfisher.git";
			requirement = {
				kind = upToNextMajorVersion;
				minimumVersion = 7.0.0;
			};
		};
		AB94BCC829170E6A0072529F /* XCRemoteSwiftPackageReference "firebase-ios-sdk" */ = {
			isa = XCRemoteSwiftPackageReference;
			repositoryURL = "https://github.com/firebase/firebase-ios-sdk.git";
			requirement = {
				kind = upToNextMajorVersion;
				minimumVersion = 9.0.0;
			};
		};
/* End XCRemoteSwiftPackageReference section */

/* Begin XCSwiftPackageProductDependency section */
		AB804779291BF9D20052E02F /* Kingfisher */ = {
			isa = XCSwiftPackageProductDependency;
			package = AB804778291BF9D10052E02F /* XCRemoteSwiftPackageReference "Kingfisher" */;
			productName = Kingfisher;
		};
		AB94BCC929170E6A0072529F /* FirebaseAuth */ = {
			isa = XCSwiftPackageProductDependency;
			package = AB94BCC829170E6A0072529F /* XCRemoteSwiftPackageReference "firebase-ios-sdk" */;
			productName = FirebaseAuth;
		};
		AB94BCCB29170E6A0072529F /* FirebaseDatabase */ = {
			isa = XCSwiftPackageProductDependency;
			package = AB94BCC829170E6A0072529F /* XCRemoteSwiftPackageReference "firebase-ios-sdk" */;
			productName = FirebaseDatabase;
		};
		AB94BCCD29170E6A0072529F /* FirebaseFirestore */ = {
			isa = XCSwiftPackageProductDependency;
			package = AB94BCC829170E6A0072529F /* XCRemoteSwiftPackageReference "firebase-ios-sdk" */;
			productName = FirebaseFirestore;
		};
		AB94BCCF29170E6A0072529F /* FirebaseFunctions */ = {
			isa = XCSwiftPackageProductDependency;
			package = AB94BCC829170E6A0072529F /* XCRemoteSwiftPackageReference "firebase-ios-sdk" */;
			productName = FirebaseFunctions;
		};
		AB94BCD129170E6A0072529F /* FirebaseStorage */ = {
			isa = XCSwiftPackageProductDependency;
			package = AB94BCC829170E6A0072529F /* XCRemoteSwiftPackageReference "firebase-ios-sdk" */;
			productName = FirebaseStorage;
		};
/* End XCSwiftPackageProductDependency section */
	};
	rootObject = AB2580A92901490C00C2B80B /* Project object */;
}
